
Microsoft Visual Studio Solution File, Format Version 12.00
# Visual Studio 15
VisualStudioVersion = 15.0.27130.2024
MinimumVisualStudioVersion = 10.0.40219.1
Project("{FAE04EC0-301F-11D3-BF4B-00C04F79EFBC}") = "Test.Android", "Test\Test.Android\Test.Android.csproj", "{B710590E-1097-4EDF-884B-8755F8385F22}"
EndProject
Project("{FAE04EC0-301F-11D3-BF4B-00C04F79EFBC}") = "Test.iOS", "Test\Test.iOS\Test.iOS.csproj", "{EC2BB163-F076-4F93-ACD3-A45A7455B379}"
EndProject
Project("{FAE04EC0-301F-11D3-BF4B-00C04F79EFBC}") = "Test.UWP", "Test\Test.UWP\Test.UWP.csproj", "{26C7A18D-6668-4F30-A9AB-693FBDB8E969}"
EndProject
Project("{FAE04EC0-301F-11D3-BF4B-00C04F79EFBC}") = "Test", "Test\Test\Test.csproj", "{301066B5-A842-4D12-898F-FB1DE536F310}"
EndProject
Global
	GlobalSection(SolutionConfigurationPlatforms) = preSolution
		Ad-Hoc|Any CPU = Ad-Hoc|Any CPU
		Ad-Hoc|ARM = Ad-Hoc|ARM
		Ad-Hoc|iPhone = Ad-Hoc|iPhone
		Ad-Hoc|iPhoneSimulator = Ad-Hoc|iPhoneSimulator
		Ad-Hoc|x64 = Ad-Hoc|x64
		Ad-Hoc|x86 = Ad-Hoc|x86
		AppStore|Any CPU = AppStore|Any CPU
		AppStore|ARM = AppStore|ARM
		AppStore|iPhone = AppStore|iPhone
		AppStore|iPhoneSimulator = AppStore|iPhoneSimulator
		AppStore|x64 = AppStore|x64
		AppStore|x86 = AppStore|x86
		Debug|Any CPU = Debug|Any CPU
		Debug|ARM = Debug|ARM
		Debug|iPhone = Debug|iPhone
		Debug|iPhoneSimulator = Debug|iPhoneSimulator
		Debug|x64 = Debug|x64
		Debug|x86 = Debug|x86
		Release|Any CPU = Release|Any CPU
		Release|ARM = Release|ARM
		Release|iPhone = Release|iPhone
		Release|iPhoneSimulator = Release|iPhoneSimulator
		Release|x64 = Release|x64
		Release|x86 = Release|x86
	EndGlobalSection
	GlobalSection(ProjectConfigurationPlatforms) = postSolution
		{B710590E-1097-4EDF-884B-8755F8385F22}.Ad-Hoc|Any CPU.ActiveCfg = Release|Any CPU
		{B710590E-1097-4EDF-884B-8755F8385F22}.Ad-Hoc|Any CPU.Build.0 = Release|Any CPU
		{B710590E-1097-4EDF-884B-8755F8385F22}.Ad-Hoc|Any CPU.Deploy.0 = Release|Any CPU
		{B710590E-1097-4EDF-884B-8755F8385F22}.Ad-Hoc|ARM.ActiveCfg = Release|Any CPU
		{B710590E-1097-4EDF-884B-8755F8385F22}.Ad-Hoc|ARM.Build.0 = Release|Any CPU
		{B710590E-1097-4EDF-884B-8755F8385F22}.Ad-Hoc|ARM.Deploy.0 = Release|Any CPU
		{B710590E-1097-4EDF-884B-8755F8385F22}.Ad-Hoc|iPhone.ActiveCfg = Release|Any CPU
		{B710590E-1097-4EDF-884B-8755F8385F22}.Ad-Hoc|iPhone.Build.0 = Release|Any CPU
		{B710590E-1097-4EDF-884B-8755F8385F22}.Ad-Hoc|iPhone.Deploy.0 = Release|Any CPU
		{B710590E-1097-4EDF-884B-8755F8385F22}.Ad-Hoc|iPhoneSimulator.ActiveCfg = Release|Any CPU
		{B710590E-1097-4EDF-884B-8755F8385F22}.Ad-Hoc|iPhoneSimulator.Build.0 = Release|Any CPU
		{B710590E-1097-4EDF-884B-8755F8385F22}.Ad-Hoc|iPhoneSimulator.Deploy.0 = Release|Any CPU
		{B710590E-1097-4EDF-884B-8755F8385F22}.Ad-Hoc|x64.ActiveCfg = Release|Any CPU
		{B710590E-1097-4EDF-884B-8755F8385F22}.Ad-Hoc|x64.Build.0 = Release|Any CPU
		{B710590E-1097-4EDF-884B-8755F8385F22}.Ad-Hoc|x64.Deploy.0 = Release|Any CPU
		{B710590E-1097-4EDF-884B-8755F8385F22}.Ad-Hoc|x86.ActiveCfg = Release|Any CPU
		{B710590E-1097-4EDF-884B-8755F8385F22}.Ad-Hoc|x86.Build.0 = Release|Any CPU
		{B710590E-1097-4EDF-884B-8755F8385F22}.Ad-Hoc|x86.Deploy.0 = Release|Any CPU
		{B710590E-1097-4EDF-884B-8755F8385F22}.AppStore|Any CPU.ActiveCfg = Release|Any CPU
		{B710590E-1097-4EDF-884B-8755F8385F22}.AppStore|Any CPU.Build.0 = Release|Any CPU
		{B710590E-1097-4EDF-884B-8755F8385F22}.AppStore|Any CPU.Deploy.0 = Release|Any CPU
		{B710590E-1097-4EDF-884B-8755F8385F22}.AppStore|ARM.ActiveCfg = Release|Any CPU
		{B710590E-1097-4EDF-884B-8755F8385F22}.AppStore|ARM.Build.0 = Release|Any CPU
		{B710590E-1097-4EDF-884B-8755F8385F22}.AppStore|ARM.Deploy.0 = Release|Any CPU
		{B710590E-1097-4EDF-884B-8755F8385F22}.AppStore|iPhone.ActiveCfg = Release|Any CPU
		{B710590E-1097-4EDF-884B-8755F8385F22}.AppStore|iPhone.Build.0 = Release|Any CPU
		{B710590E-1097-4EDF-884B-8755F8385F22}.AppStore|iPhone.Deploy.0 = Release|Any CPU
		{B710590E-1097-4EDF-884B-8755F8385F22}.AppStore|iPhoneSimulator.ActiveCfg = Release|Any CPU
		{B710590E-1097-4EDF-884B-8755F8385F22}.AppStore|iPhoneSimulator.Build.0 = Release|Any CPU
		{B710590E-1097-4EDF-884B-8755F8385F22}.AppStore|iPhoneSimulator.Deploy.0 = Release|Any CPU
		{B710590E-1097-4EDF-884B-8755F8385F22}.AppStore|x64.ActiveCfg = Release|Any CPU
		{B710590E-1097-4EDF-884B-8755F8385F22}.AppStore|x64.Build.0 = Release|Any CPU
		{B710590E-1097-4EDF-884B-8755F8385F22}.AppStore|x64.Deploy.0 = Release|Any CPU
		{B710590E-1097-4EDF-884B-8755F8385F22}.AppStore|x86.ActiveCfg = Release|Any CPU
		{B710590E-1097-4EDF-884B-8755F8385F22}.AppStore|x86.Build.0 = Release|Any CPU
		{B710590E-1097-4EDF-884B-8755F8385F22}.AppStore|x86.Deploy.0 = Release|Any CPU
		{B710590E-1097-4EDF-884B-8755F8385F22}.Debug|Any CPU.ActiveCfg = Debug|Any CPU
		{B710590E-1097-4EDF-884B-8755F8385F22}.Debug|Any CPU.Build.0 = Debug|Any CPU
		{B710590E-1097-4EDF-884B-8755F8385F22}.Debug|Any CPU.Deploy.0 = Debug|Any CPU
		{B710590E-1097-4EDF-884B-8755F8385F22}.Debug|ARM.ActiveCfg = Debug|Any CPU
		{B710590E-1097-4EDF-884B-8755F8385F22}.Debug|ARM.Build.0 = Debug|Any CPU
		{B710590E-1097-4EDF-884B-8755F8385F22}.Debug|ARM.Deploy.0 = Debug|Any CPU
		{B710590E-1097-4EDF-884B-8755F8385F22}.Debug|iPhone.ActiveCfg = Debug|Any CPU
		{B710590E-1097-4EDF-884B-8755F8385F22}.Debug|iPhone.Build.0 = Debug|Any CPU
		{B710590E-1097-4EDF-884B-8755F8385F22}.Debug|iPhone.Deploy.0 = Debug|Any CPU
		{B710590E-1097-4EDF-884B-8755F8385F22}.Debug|iPhoneSimulator.ActiveCfg = Debug|Any CPU
		{B710590E-1097-4EDF-884B-8755F8385F22}.Debug|iPhoneSimulator.Build.0 = Debug|Any CPU
		{B710590E-1097-4EDF-884B-8755F8385F22}.Debug|iPhoneSimulator.Deploy.0 = Debug|Any CPU
		{B710590E-1097-4EDF-884B-8755F8385F22}.Debug|x64.ActiveCfg = Debug|Any CPU
		{B710590E-1097-4EDF-884B-8755F8385F22}.Debug|x64.Build.0 = Debug|Any CPU
		{B710590E-1097-4EDF-884B-8755F8385F22}.Debug|x64.Deploy.0 = Debug|Any CPU
		{B710590E-1097-4EDF-884B-8755F8385F22}.Debug|x86.ActiveCfg = Debug|Any CPU
		{B710590E-1097-4EDF-884B-8755F8385F22}.Debug|x86.Build.0 = Debug|Any CPU
		{B710590E-1097-4EDF-884B-8755F8385F22}.Debug|x86.Deploy.0 = Debug|Any CPU
		{B710590E-1097-4EDF-884B-8755F8385F22}.Release|Any CPU.ActiveCfg = Release|Any CPU
		{B710590E-1097-4EDF-884B-8755F8385F22}.Release|Any CPU.Build.0 = Release|Any CPU
		{B710590E-1097-4EDF-884B-8755F8385F22}.Release|Any CPU.Deploy.0 = Release|Any CPU
		{B710590E-1097-4EDF-884B-8755F8385F22}.Release|ARM.ActiveCfg = Release|Any CPU
		{B710590E-1097-4EDF-884B-8755F8385F22}.Release|ARM.Build.0 = Release|Any CPU
		{B710590E-1097-4EDF-884B-8755F8385F22}.Release|ARM.Deploy.0 = Release|Any CPU
		{B710590E-1097-4EDF-884B-8755F8385F22}.Release|iPhone.ActiveCfg = Release|Any CPU
		{B710590E-1097-4EDF-884B-8755F8385F22}.Release|iPhone.Build.0 = Release|Any CPU
		{B710590E-1097-4EDF-884B-8755F8385F22}.Release|iPhone.Deploy.0 = Release|Any CPU
		{B710590E-1097-4EDF-884B-8755F8385F22}.Release|iPhoneSimulator.ActiveCfg = Release|Any CPU
		{B710590E-1097-4EDF-884B-8755F8385F22}.Release|iPhoneSimulator.Build.0 = Release|Any CPU
		{B710590E-1097-4EDF-884B-8755F8385F22}.Release|iPhoneSimulator.Deploy.0 = Release|Any CPU
		{B710590E-1097-4EDF-884B-8755F8385F22}.Release|x64.ActiveCfg = Release|Any CPU
		{B710590E-1097-4EDF-884B-8755F8385F22}.Release|x64.Build.0 = Release|Any CPU
		{B710590E-1097-4EDF-884B-8755F8385F22}.Release|x64.Deploy.0 = Release|Any CPU
		{B710590E-1097-4EDF-884B-8755F8385F22}.Release|x86.ActiveCfg = Release|Any CPU
		{B710590E-1097-4EDF-884B-8755F8385F22}.Release|x86.Build.0 = Release|Any CPU
		{B710590E-1097-4EDF-884B-8755F8385F22}.Release|x86.Deploy.0 = Release|Any CPU
		{EC2BB163-F076-4F93-ACD3-A45A7455B379}.Ad-Hoc|Any CPU.ActiveCfg = Ad-Hoc|iPhone
		{EC2BB163-F076-4F93-ACD3-A45A7455B379}.Ad-Hoc|ARM.ActiveCfg = Ad-Hoc|iPhone
		{EC2BB163-F076-4F93-ACD3-A45A7455B379}.Ad-Hoc|iPhone.ActiveCfg = Ad-Hoc|iPhone
		{EC2BB163-F076-4F93-ACD3-A45A7455B379}.Ad-Hoc|iPhone.Build.0 = Ad-Hoc|iPhone
		{EC2BB163-F076-4F93-ACD3-A45A7455B379}.Ad-Hoc|iPhoneSimulator.ActiveCfg = Ad-Hoc|iPhoneSimulator
		{EC2BB163-F076-4F93-ACD3-A45A7455B379}.Ad-Hoc|iPhoneSimulator.Build.0 = Ad-Hoc|iPhoneSimulator
		{EC2BB163-F076-4F93-ACD3-A45A7455B379}.Ad-Hoc|x64.ActiveCfg = Ad-Hoc|iPhone
		{EC2BB163-F076-4F93-ACD3-A45A7455B379}.Ad-Hoc|x86.ActiveCfg = Ad-Hoc|iPhone
		{EC2BB163-F076-4F93-ACD3-A45A7455B379}.AppStore|Any CPU.ActiveCfg = AppStore|iPhone
		{EC2BB163-F076-4F93-ACD3-A45A7455B379}.AppStore|ARM.ActiveCfg = AppStore|iPhone
		{EC2BB163-F076-4F93-ACD3-A45A7455B379}.AppStore|iPhone.ActiveCfg = AppStore|iPhone
		{EC2BB163-F076-4F93-ACD3-A45A7455B379}.AppStore|iPhone.Build.0 = AppStore|iPhone
		{EC2BB163-F076-4F93-ACD3-A45A7455B379}.AppStore|iPhoneSimulator.ActiveCfg = AppStore|iPhoneSimulator
		{EC2BB163-F076-4F93-ACD3-A45A7455B379}.AppStore|iPhoneSimulator.Build.0 = AppStore|iPhoneSimulator
		{EC2BB163-F076-4F93-ACD3-A45A7455B379}.AppStore|x64.ActiveCfg = AppStore|iPhone
		{EC2BB163-F076-4F93-ACD3-A45A7455B379}.AppStore|x86.ActiveCfg = AppStore|iPhone
		{EC2BB163-F076-4F93-ACD3-A45A7455B379}.Debug|Any CPU.ActiveCfg = Debug|iPhone
		{EC2BB163-F076-4F93-ACD3-A45A7455B379}.Debug|ARM.ActiveCfg = Debug|iPhone
		{EC2BB163-F076-4F93-ACD3-A45A7455B379}.Debug|iPhone.ActiveCfg = Debug|iPhone
		{EC2BB163-F076-4F93-ACD3-A45A7455B379}.Debug|iPhone.Build.0 = Debug|iPhone
		{EC2BB163-F076-4F93-ACD3-A45A7455B379}.Debug|iPhoneSimulator.ActiveCfg = Debug|iPhoneSimulator
		{EC2BB163-F076-4F93-ACD3-A45A7455B379}.Debug|iPhoneSimulator.Build.0 = Debug|iPhoneSimulator
		{EC2BB163-F076-4F93-ACD3-A45A7455B379}.Debug|x64.ActiveCfg = Debug|iPhone
		{EC2BB163-F076-4F93-ACD3-A45A7455B379}.Debug|x86.ActiveCfg = Debug|iPhone
		{EC2BB163-F076-4F93-ACD3-A45A7455B379}.Release|Any CPU.ActiveCfg = Release|iPhone
		{EC2BB163-F076-4F93-ACD3-A45A7455B379}.Release|ARM.ActiveCfg = Release|iPhone
		{EC2BB163-F076-4F93-ACD3-A45A7455B379}.Release|iPhone.ActiveCfg = Release|iPhone
		{EC2BB163-F076-4F93-ACD3-A45A7455B379}.Release|iPhone.Build.0 = Release|iPhone
		{EC2BB163-F076-4F93-ACD3-A45A7455B379}.Release|iPhoneSimulator.ActiveCfg = Release|iPhoneSimulator
		{EC2BB163-F076-4F93-ACD3-A45A7455B379}.Release|iPhoneSimulator.Build.0 = Release|iPhoneSimulator
		{EC2BB163-F076-4F93-ACD3-A45A7455B379}.Release|x64.ActiveCfg = Release|iPhone
		{EC2BB163-F076-4F93-ACD3-A45A7455B379}.Release|x86.ActiveCfg = Release|iPhone
		{26C7A18D-6668-4F30-A9AB-693FBDB8E969}.Ad-Hoc|Any CPU.ActiveCfg = Release|x86
		{26C7A18D-6668-4F30-A9AB-693FBDB8E969}.Ad-Hoc|Any CPU.Build.0 = Release|x86
		{26C7A18D-6668-4F30-A9AB-693FBDB8E969}.Ad-Hoc|Any CPU.Deploy.0 = Release|x86
		{26C7A18D-6668-4F30-A9AB-693FBDB8E969}.Ad-Hoc|ARM.ActiveCfg = Release|ARM
		{26C7A18D-6668-4F30-A9AB-693FBDB8E969}.Ad-Hoc|ARM.Build.0 = Release|ARM
		{26C7A18D-6668-4F30-A9AB-693FBDB8E969}.Ad-Hoc|ARM.Deploy.0 = Release|ARM
		{26C7A18D-6668-4F30-A9AB-693FBDB8E969}.Ad-Hoc|iPhone.ActiveCfg = Release|x86
		{26C7A18D-6668-4F30-A9AB-693FBDB8E969}.Ad-Hoc|iPhone.Build.0 = Release|x86
		{26C7A18D-6668-4F30-A9AB-693FBDB8E969}.Ad-Hoc|iPhone.Deploy.0 = Release|x86
		{26C7A18D-6668-4F30-A9AB-693FBDB8E969}.Ad-Hoc|iPhoneSimulator.ActiveCfg = Release|x86
		{26C7A18D-6668-4F30-A9AB-693FBDB8E969}.Ad-Hoc|iPhoneSimulator.Build.0 = Release|x86
		{26C7A18D-6668-4F30-A9AB-693FBDB8E969}.Ad-Hoc|iPhoneSimulator.Deploy.0 = Release|x86
		{26C7A18D-6668-4F30-A9AB-693FBDB8E969}.Ad-Hoc|x64.ActiveCfg = Release|x64
		{26C7A18D-6668-4F30-A9AB-693FBDB8E969}.Ad-Hoc|x64.Build.0 = Release|x64
		{26C7A18D-6668-4F30-A9AB-693FBDB8E969}.Ad-Hoc|x64.Deploy.0 = Release|x64
		{26C7A18D-6668-4F30-A9AB-693FBDB8E969}.Ad-Hoc|x86.ActiveCfg = Release|x86
		{26C7A18D-6668-4F30-A9AB-693FBDB8E969}.Ad-Hoc|x86.Build.0 = Release|x86
		{26C7A18D-6668-4F30-A9AB-693FBDB8E969}.Ad-Hoc|x86.Deploy.0 = Release|x86
		{26C7A18D-6668-4F30-A9AB-693FBDB8E969}.AppStore|Any CPU.ActiveCfg = Release|x86
		{26C7A18D-6668-4F30-A9AB-693FBDB8E969}.AppStore|Any CPU.Build.0 = Release|x86
		{26C7A18D-6668-4F30-A9AB-693FBDB8E969}.AppStore|Any CPU.Deploy.0 = Release|x86
		{26C7A18D-6668-4F30-A9AB-693FBDB8E969}.AppStore|ARM.ActiveCfg = Release|ARM
		{26C7A18D-6668-4F30-A9AB-693FBDB8E969}.AppStore|ARM.Build.0 = Release|ARM
		{26C7A18D-6668-4F30-A9AB-693FBDB8E969}.AppStore|ARM.Deploy.0 = Release|ARM
		{26C7A18D-6668-4F30-A9AB-693FBDB8E969}.AppStore|iPhone.ActiveCfg = Release|x86
		{26C7A18D-6668-4F30-A9AB-693FBDB8E969}.AppStore|iPhone.Build.0 = Release|x86
		{26C7A18D-6668-4F30-A9AB-693FBDB8E969}.AppStore|iPhone.Deploy.0 = Release|x86
		{26C7A18D-6668-4F30-A9AB-693FBDB8E969}.AppStore|iPhoneSimulator.ActiveCfg = Release|x86
		{26C7A18D-6668-4F30-A9AB-693FBDB8E969}.AppStore|iPhoneSimulator.Build.0 = Release|x86
		{26C7A18D-6668-4F30-A9AB-693FBDB8E969}.AppStore|iPhoneSimulator.Deploy.0 = Release|x86
		{26C7A18D-6668-4F30-A9AB-693FBDB8E969}.AppStore|x64.ActiveCfg = Release|x64
		{26C7A18D-6668-4F30-A9AB-693FBDB8E969}.AppStore|x64.Build.0 = Release|x64
		{26C7A18D-6668-4F30-A9AB-693FBDB8E969}.AppStore|x64.Deploy.0 = Release|x64
		{26C7A18D-6668-4F30-A9AB-693FBDB8E969}.AppStore|x86.ActiveCfg = Release|x86
		{26C7A18D-6668-4F30-A9AB-693FBDB8E969}.AppStore|x86.Build.0 = Release|x86
		{26C7A18D-6668-4F30-A9AB-693FBDB8E969}.AppStore|x86.Deploy.0 = Release|x86
		{26C7A18D-6668-4F30-A9AB-693FBDB8E969}.Debug|Any CPU.ActiveCfg = Debug|x86
		{26C7A18D-6668-4F30-A9AB-693FBDB8E969}.Debug|ARM.ActiveCfg = Debug|ARM
		{26C7A18D-6668-4F30-A9AB-693FBDB8E969}.Debug|ARM.Build.0 = Debug|ARM
		{26C7A18D-6668-4F30-A9AB-693FBDB8E969}.Debug|ARM.Deploy.0 = Debug|ARM
		{26C7A18D-6668-4F30-A9AB-693FBDB8E969}.Debug|iPhone.ActiveCfg = Debug|x86
		{26C7A18D-6668-4F30-A9AB-693FBDB8E969}.Debug|iPhoneSimulator.ActiveCfg = Debug|x86
		{26C7A18D-6668-4F30-A9AB-693FBDB8E969}.Debug|x64.ActiveCfg = Debug|x64
		{26C7A18D-6668-4F30-A9AB-693FBDB8E969}.Debug|x64.Build.0 = Debug|x64
		{26C7A18D-6668-4F30-A9AB-693FBDB8E969}.Debug|x64.Deploy.0 = Debug|x64
		{26C7A18D-6668-4F30-A9AB-693FBDB8E969}.Debug|x86.ActiveCfg = Debug|x86
		{26C7A18D-6668-4F30-A9AB-693FBDB8E969}.Debug|x86.Build.0 = Debug|x86
		{26C7A18D-6668-4F30-A9AB-693FBDB8E969}.Debug|x86.Deploy.0 = Debug|x86
		{26C7A18D-6668-4F30-A9AB-693FBDB8E969}.Release|Any CPU.ActiveCfg = Release|x86
		{26C7A18D-6668-4F30-A9AB-693FBDB8E969}.Release|ARM.ActiveCfg = Release|ARM
		{26C7A18D-6668-4F30-A9AB-693FBDB8E969}.Release|ARM.Build.0 = Release|ARM
		{26C7A18D-6668-4F30-A9AB-693FBDB8E969}.Release|ARM.Deploy.0 = Release|ARM
		{26C7A18D-6668-4F30-A9AB-693FBDB8E969}.Release|iPhone.ActiveCfg = Release|x86
		{26C7A18D-6668-4F30-A9AB-693FBDB8E969}.Release|iPhoneSimulator.ActiveCfg = Release|x86
		{26C7A18D-6668-4F30-A9AB-693FBDB8E969}.Release|x64.ActiveCfg = Release|x64
		{26C7A18D-6668-4F30-A9AB-693FBDB8E969}.Release|x64.Build.0 = Release|x64
		{26C7A18D-6668-4F30-A9AB-693FBDB8E969}.Release|x64.Deploy.0 = Release|x64
		{26C7A18D-6668-4F30-A9AB-693FBDB8E969}.Release|x86.ActiveCfg = Release|x86
		{26C7A18D-6668-4F30-A9AB-693FBDB8E969}.Release|x86.Build.0 = Release|x86
		{26C7A18D-6668-4F30-A9AB-693FBDB8E969}.Release|x86.Deploy.0 = Release|x86
		{301066B5-A842-4D12-898F-FB1DE536F310}.Ad-Hoc|Any CPU.ActiveCfg = Debug|Any CPU
		{301066B5-A842-4D12-898F-FB1DE536F310}.Ad-Hoc|Any CPU.Build.0 = Debug|Any CPU
		{301066B5-A842-4D12-898F-FB1DE536F310}.Ad-Hoc|ARM.ActiveCfg = Debug|Any CPU
		{301066B5-A842-4D12-898F-FB1DE536F310}.Ad-Hoc|ARM.Build.0 = Debug|Any CPU
		{301066B5-A842-4D12-898F-FB1DE536F310}.Ad-Hoc|iPhone.ActiveCfg = Debug|Any CPU
		{301066B5-A842-4D12-898F-FB1DE536F310}.Ad-Hoc|iPhone.Build.0 = Debug|Any CPU
		{301066B5-A842-4D12-898F-FB1DE536F310}.Ad-Hoc|iPhoneSimulator.ActiveCfg = Debug|Any CPU
		{301066B5-A842-4D12-898F-FB1DE536F310}.Ad-Hoc|iPhoneSimulator.Build.0 = Debug|Any CPU
		{301066B5-A842-4D12-898F-FB1DE536F310}.Ad-Hoc|x64.ActiveCfg = Debug|Any CPU
		{301066B5-A842-4D12-898F-FB1DE536F310}.Ad-Hoc|x64.Build.0 = Debug|Any CPU
		{301066B5-A842-4D12-898F-FB1DE536F310}.Ad-Hoc|x86.ActiveCfg = Debug|Any CPU
		{301066B5-A842-4D12-898F-FB1DE536F310}.Ad-Hoc|x86.Build.0 = Debug|Any CPU
		{301066B5-A842-4D12-898F-FB1DE536F310}.AppStore|Any CPU.ActiveCfg = Debug|Any CPU
		{301066B5-A842-4D12-898F-FB1DE536F310}.AppStore|Any CPU.Build.0 = Debug|Any CPU
		{301066B5-A842-4D12-898F-FB1DE536F310}.AppStore|ARM.ActiveCfg = Debug|Any CPU
		{301066B5-A842-4D12-898F-FB1DE536F310}.AppStore|ARM.Build.0 = Debug|Any CPU
		{301066B5-A842-4D12-898F-FB1DE536F310}.AppStore|iPhone.ActiveCfg = Debug|Any CPU
		{301066B5-A842-4D12-898F-FB1DE536F310}.AppStore|iPhone.Build.0 = Debug|Any CPU
		{301066B5-A842-4D12-898F-FB1DE536F310}.AppStore|iPhoneSimulator.ActiveCfg = Debug|Any CPU
		{301066B5-A842-4D12-898F-FB1DE536F310}.AppStore|iPhoneSimulator.Build.0 = Debug|Any CPU
		{301066B5-A842-4D12-898F-FB1DE536F310}.AppStore|x64.ActiveCfg = Debug|Any CPU
		{301066B5-A842-4D12-898F-FB1DE536F310}.AppStore|x64.Build.0 = Debug|Any CPU
		{301066B5-A842-4D12-898F-FB1DE536F310}.AppStore|x86.ActiveCfg = Debug|Any CPU
		{301066B5-A842-4D12-898F-FB1DE536F310}.AppStore|x86.Build.0 = Debug|Any CPU
		{301066B5-A842-4D12-898F-FB1DE536F310}.Debug|Any CPU.ActiveCfg = Debug|Any CPU
		{301066B5-A842-4D12-898F-FB1DE536F310}.Debug|Any CPU.Build.0 = Debug|Any CPU
		{301066B5-A842-4D12-898F-FB1DE536F310}.Debug|ARM.ActiveCfg = Debug|Any CPU
		{301066B5-A842-4D12-898F-FB1DE536F310}.Debug|ARM.Build.0 = Debug|Any CPU
		{301066B5-A842-4D12-898F-FB1DE536F310}.Debug|iPhone.ActiveCfg = Debug|Any CPU
		{301066B5-A842-4D12-898F-FB1DE536F310}.Debug|iPhone.Build.0 = Debug|Any CPU
		{301066B5-A842-4D12-898F-FB1DE536F310}.Debug|iPhoneSimulator.ActiveCfg = Debug|Any CPU
		{301066B5-A842-4D12-898F-FB1DE536F310}.Debug|iPhoneSimulator.Build.0 = Debug|Any CPU
		{301066B5-A842-4D12-898F-FB1DE536F310}.Debug|x64.ActiveCfg = Debug|Any CPU
		{301066B5-A842-4D12-898F-FB1DE536F310}.Debug|x64.Build.0 = Debug|Any CPU
		{301066B5-A842-4D12-898F-FB1DE536F310}.Debug|x86.ActiveCfg = Debug|Any CPU
		{301066B5-A842-4D12-898F-FB1DE536F310}.Debug|x86.Build.0 = Debug|Any CPU
		{301066B5-A842-4D12-898F-FB1DE536F310}.Release|Any CPU.ActiveCfg = Release|Any CPU
		{301066B5-A842-4D12-898F-FB1DE536F310}.Release|Any CPU.Build.0 = Release|Any CPU
		{301066B5-A842-4D12-898F-FB1DE536F310}.Release|ARM.ActiveCfg = Release|Any CPU
		{301066B5-A842-4D12-898F-FB1DE536F310}.Release|ARM.Build.0 = Release|Any CPU
		{301066B5-A842-4D12-898F-FB1DE536F310}.Release|iPhone.ActiveCfg = Release|Any CPU
		{301066B5-A842-4D12-898F-FB1DE536F310}.Release|iPhone.Build.0 = Release|Any CPU
		{301066B5-A842-4D12-898F-FB1DE536F310}.Release|iPhoneSimulator.ActiveCfg = Release|Any CPU
		{301066B5-A842-4D12-898F-FB1DE536F310}.Release|iPhoneSimulator.Build.0 = Release|Any CPU
		{301066B5-A842-4D12-898F-FB1DE536F310}.Release|x64.ActiveCfg = Release|Any CPU
		{301066B5-A842-4D12-898F-FB1DE536F310}.Release|x64.Build.0 = Release|Any CPU
		{301066B5-A842-4D12-898F-FB1DE536F310}.Release|x86.ActiveCfg = Release|Any CPU
		{301066B5-A842-4D12-898F-FB1DE536F310}.Release|x86.Build.0 = Release|Any CPU
	EndGlobalSection
	GlobalSection(SolutionProperties) = preSolution
		HideSolutionNode = FALSE
	EndGlobalSection
	GlobalSection(ExtensibilityGlobals) = postSolution
		SolutionGuid = {C2CD142E-E3D8-49A2-A1B3-7CF00C17C201}
	EndGlobalSection
EndGlobal
